
Microsoft Visual Studio Solution File, Format Version 12.00
# Visual Studio Version 16
VisualStudioVersion = 16.0.30011.22
MinimumVisualStudioVersion = 10.0.40219.1
Project("{9A19103F-16F7-4668-BE54-9A1E7A4F7556}") = "ApiBox", "ApiBox\ApiBox.csproj", "{832E5AE1-EBEF-471D-9861-1E68625C8744}"
EndProject
Project("{9A19103F-16F7-4668-BE54-9A1E7A4F7556}") = "ApiBox.Api.OData", "ApiBox.Api.OData\ApiBox.Api.OData.csproj", "{719E5066-0402-4500-9E85-197BFBD67BBD}"
EndProject
Project("{9A19103F-16F7-4668-BE54-9A1E7A4F7556}") = "ApiBox.Api.WebApi", "ApiBox.Api.WebApi\ApiBox.Api.WebApi.csproj", "{425E384E-5458-406C-A2C7-9AC7355A165C}"
EndProject
Project("{9A19103F-16F7-4668-BE54-9A1E7A4F7556}") = "ApiBox.Api.gRPC", "ApiBox.Api.gRPC\ApiBox.Api.gRPC.csproj", "{6503442F-0EB0-420D-A3E7-DEC64D6E2744}"
EndProject
Project("{9A19103F-16F7-4668-BE54-9A1E7A4F7556}") = "ApiBox.Api.GraphQLDotNet", "ApiBox.Api.GraphQLDotNet\ApiBox.Api.GraphQLDotNet.csproj", "{59D99B92-3CE9-44ED-9176-D389750B25DA}"
EndProject
Project("{9A19103F-16F7-4668-BE54-9A1E7A4F7556}") = "ApiBox.Api.GraphQLDotNet.GraphTypesFirst", "ApiBox.Api.GraphQLDotNet.GraphTypesFirst\ApiBox.Api.GraphQLDotNet.GraphTypesFirst.csproj", "{D2B6B26A-7FB4-4FEF-ABA6-133B2FDC4C75}"
EndProject
Project("{2150E333-8FDC-42A3-9474-1A3956D46DE8}") = "GraphQL", "GraphQL", "{6EAAB0DE-174D-4682-8CFA-65B59A419BA4}"
EndProject
Project("{2150E333-8FDC-42A3-9474-1A3956D46DE8}") = "Rest", "Rest", "{CC7E76EB-1515-4899-B92C-F6E4D9992026}"
EndProject
Project("{9A19103F-16F7-4668-BE54-9A1E7A4F7556}") = "ApiBox.Api", "ApiBox.Api\ApiBox.Api.csproj", "{9EB33B8C-3A60-4855-ADC0-8A602C46C2E5}"
EndProject
Project("{9A19103F-16F7-4668-BE54-9A1E7A4F7556}") = "ApiBox.Api.Tests", "ApiBox.Api.Tests\ApiBox.Api.Tests.csproj", "{44113E17-6F79-4041-B417-2C91D1E43D22}"
EndProject
Project("{2150E333-8FDC-42A3-9474-1A3956D46DE8}") = "RPC", "RPC", "{57D364A5-BDD2-4813-8DF1-E3E4AD785276}"
EndProject
Project("{9A19103F-16F7-4668-BE54-9A1E7A4F7556}") = "ApiBox.Microsoft.Extensions.DependencyInjection", "ApiBox.Microsoft.Extensions.DependencyInjection\ApiBox.Microsoft.Extensions.DependencyInjection.csproj", "{BF3C9EF8-53CF-49DE-8CE6-8B799B7D121A}"
EndProject
Project("{FAE04EC0-301F-11D3-BF4B-00C04F79EFBC}") = "Try", "Try\Try.csproj", "{9DCD4108-6D97-407D-8953-C09553BDA148}"
EndProject
Project("{2150E333-8FDC-42A3-9474-1A3956D46DE8}") = "Samples", "Samples", "{1B4AB63D-BFEB-4E0E-8208-EBF463171C14}"
	ProjectSection(SolutionItems) = preProject
		..\Greeter.md = ..\Greeter.md
		..\README.md = ..\README.md
	EndProjectSection
EndProject
Global
	GlobalSection(SolutionConfigurationPlatforms) = preSolution
		Debug|Any CPU = Debug|Any CPU
		Release|Any CPU = Release|Any CPU
	EndGlobalSection
	GlobalSection(ProjectConfigurationPlatforms) = postSolution
		{832E5AE1-EBEF-471D-9861-1E68625C8744}.Debug|Any CPU.ActiveCfg = Debug|Any CPU
		{832E5AE1-EBEF-471D-9861-1E68625C8744}.Debug|Any CPU.Build.0 = Debug|Any CPU
		{832E5AE1-EBEF-471D-9861-1E68625C8744}.Release|Any CPU.ActiveCfg = Release|Any CPU
		{832E5AE1-EBEF-471D-9861-1E68625C8744}.Release|Any CPU.Build.0 = Release|Any CPU
		{719E5066-0402-4500-9E85-197BFBD67BBD}.Debug|Any CPU.ActiveCfg = Debug|Any CPU
		{719E5066-0402-4500-9E85-197BFBD67BBD}.Debug|Any CPU.Build.0 = Debug|Any CPU
		{719E5066-0402-4500-9E85-197BFBD67BBD}.Release|Any CPU.ActiveCfg = Release|Any CPU
		{719E5066-0402-4500-9E85-197BFBD67BBD}.Release|Any CPU.Build.0 = Release|Any CPU
		{425E384E-5458-406C-A2C7-9AC7355A165C}.Debug|Any CPU.ActiveCfg = Debug|Any CPU
		{425E384E-5458-406C-A2C7-9AC7355A165C}.Debug|Any CPU.Build.0 = Debug|Any CPU
		{425E384E-5458-406C-A2C7-9AC7355A165C}.Release|Any CPU.ActiveCfg = Release|Any CPU
		{425E384E-5458-406C-A2C7-9AC7355A165C}.Release|Any CPU.Build.0 = Release|Any CPU
		{6503442F-0EB0-420D-A3E7-DEC64D6E2744}.Debug|Any CPU.ActiveCfg = Debug|Any CPU
		{6503442F-0EB0-420D-A3E7-DEC64D6E2744}.Debug|Any CPU.Build.0 = Debug|Any CPU
		{6503442F-0EB0-420D-A3E7-DEC64D6E2744}.Release|Any CPU.ActiveCfg = Release|Any CPU
		{6503442F-0EB0-420D-A3E7-DEC64D6E2744}.Release|Any CPU.Build.0 = Release|Any CPU
		{59D99B92-3CE9-44ED-9176-D389750B25DA}.Debug|Any CPU.ActiveCfg = Debug|Any CPU
		{59D99B92-3CE9-44ED-9176-D389750B25DA}.Debug|Any CPU.Build.0 = Debug|Any CPU
		{59D99B92-3CE9-44ED-9176-D389750B25DA}.Release|Any CPU.ActiveCfg = Release|Any CPU
		{59D99B92-3CE9-44ED-9176-D389750B25DA}.Release|Any CPU.Build.0 = Release|Any CPU
		{D2B6B26A-7FB4-4FEF-ABA6-133B2FDC4C75}.Debug|Any CPU.ActiveCfg = Debug|Any CPU
		{D2B6B26A-7FB4-4FEF-ABA6-133B2FDC4C75}.Debug|Any CPU.Build.0 = Debug|Any CPU
		{D2B6B26A-7FB4-4FEF-ABA6-133B2FDC4C75}.Release|Any CPU.ActiveCfg = Release|Any CPU
		{D2B6B26A-7FB4-4FEF-ABA6-133B2FDC4C75}.Release|Any CPU.Build.0 = Release|Any CPU
		{9EB33B8C-3A60-4855-ADC0-8A602C46C2E5}.Debug|Any CPU.ActiveCfg = Debug|Any CPU
		{9EB33B8C-3A60-4855-ADC0-8A602C46C2E5}.Debug|Any CPU.Build.0 = Debug|Any CPU
		{9EB33B8C-3A60-4855-ADC0-8A602C46C2E5}.Release|Any CPU.ActiveCfg = Release|Any CPU
		{9EB33B8C-3A60-4855-ADC0-8A602C46C2E5}.Release|Any CPU.Build.0 = Release|Any CPU
		{44113E17-6F79-4041-B417-2C91D1E43D22}.Debug|Any CPU.ActiveCfg = Debug|Any CPU
		{44113E17-6F79-4041-B417-2C91D1E43D22}.Debug|Any CPU.Build.0 = Debug|Any CPU
		{44113E17-6F79-4041-B417-2C91D1E43D22}.Release|Any CPU.ActiveCfg = Release|Any CPU
		{44113E17-6F79-4041-B417-2C91D1E43D22}.Release|Any CPU.Build.0 = Release|Any CPU
		{BF3C9EF8-53CF-49DE-8CE6-8B799B7D121A}.Debug|Any CPU.ActiveCfg = Debug|Any CPU
		{BF3C9EF8-53CF-49DE-8CE6-8B799B7D121A}.Debug|Any CPU.Build.0 = Debug|Any CPU
		{BF3C9EF8-53CF-49DE-8CE6-8B799B7D121A}.Release|Any CPU.ActiveCfg = Release|Any CPU
		{BF3C9EF8-53CF-49DE-8CE6-8B799B7D121A}.Release|Any CPU.Build.0 = Release|Any CPU
		{9DCD4108-6D97-407D-8953-C09553BDA148}.Debug|Any CPU.ActiveCfg = Debug|Any CPU
		{9DCD4108-6D97-407D-8953-C09553BDA148}.Debug|Any CPU.Build.0 = Debug|Any CPU
		{9DCD4108-6D97-407D-8953-C09553BDA148}.Release|Any CPU.ActiveCfg = Release|Any CPU
		{9DCD4108-6D97-407D-8953-C09553BDA148}.Release|Any CPU.Build.0 = Release|Any CPU
	EndGlobalSection
	GlobalSection(SolutionProperties) = preSolution
		HideSolutionNode = FALSE
	EndGlobalSection
	GlobalSection(NestedProjects) = preSolution
		{719E5066-0402-4500-9E85-197BFBD67BBD} = {CC7E76EB-1515-4899-B92C-F6E4D9992026}
		{425E384E-5458-406C-A2C7-9AC7355A165C} = {CC7E76EB-1515-4899-B92C-F6E4D9992026}
		{6503442F-0EB0-420D-A3E7-DEC64D6E2744} = {57D364A5-BDD2-4813-8DF1-E3E4AD785276}
		{59D99B92-3CE9-44ED-9176-D389750B25DA} = {6EAAB0DE-174D-4682-8CFA-65B59A419BA4}
		{D2B6B26A-7FB4-4FEF-ABA6-133B2FDC4C75} = {6EAAB0DE-174D-4682-8CFA-65B59A419BA4}
	EndGlobalSection
	GlobalSection(ExtensibilityGlobals) = postSolution
		SolutionGuid = {7659FB86-784E-43C7-8E8C-5F1741743A24}
	EndGlobalSection
EndGlobal
